
Microsoft Visual Studio Solution File, Format Version 12.00
# Visual Studio 2013
VisualStudioVersion = 12.0.21005.1
MinimumVisualStudioVersion = 10.0.40219.1
Project("{FAE04EC0-301F-11D3-BF4B-00C04F79EFBC}") = "SackMoyesNow", "WebRole1\SackMoyesNow.csproj", "{2E75A03B-4CF5-4AB2-A3DA-0449B173A843}"
EndProject
Project("{2150E333-8FDC-42A3-9474-1A3956D46DE8}") = ".nuget", ".nuget", "{6F149F17-D2C5-4DCB-A128-00E8B7CDC46B}"
	ProjectSection(SolutionItems) = preProject
		.nuget\NuGet.Config = .nuget\NuGet.Config
		.nuget\NuGet.exe = .nuget\NuGet.exe
		.nuget\NuGet.targets = .nuget\NuGet.targets
	EndProjectSection
EndProject
Project("{2150E333-8FDC-42A3-9474-1A3956D46DE8}") = "Modellering", "Modellering", "{AB33E2E0-9FB9-4D32-89C7-858434A43C3A}"
	ProjectSection(SolutionItems) = preProject
		API.txt = API.txt
		HTMLPage1.html = HTMLPage1.html
		Redis KV.txt = Redis KV.txt
		Risk.txt = Risk.txt
		SQLqueries.sql = SQLqueries.sql
	EndProjectSection
EndProject
Project("{9092AA53-FB77-4645-B42D-1CCCA6BD08BD}") = "DMoutNode", "DMoutNode\DMoutNode.njsproj", "{33113649-69B3-4216-A720-644BE2746469}"
EndProject
Global
	GlobalSection(TeamFoundationVersionControl) = preSolution
		SccNumberOfProjects = 3
		SccEnterpriseProvider = {4CA58AB2-18FA-4F8D-95D4-32DDF27D184C}
		SccTeamFoundationServer = http://tfs.osiris.no:8080/tfs/labcollection
		SccLocalPath0 = .
		SccProjectUniqueName1 = DMoutNode\\DMoutNode.njsproj
		SccProjectName1 = DMoutNode
		SccLocalPath1 = DMoutNode
		SccProjectUniqueName2 = WebRole1\\SackMoyesNow.csproj
		SccProjectName2 = WebRole1
		SccLocalPath2 = WebRole1
	EndGlobalSection
	GlobalSection(SolutionConfigurationPlatforms) = preSolution
		Debug|Any CPU = Debug|Any CPU
		Release|Any CPU = Release|Any CPU
	EndGlobalSection
	GlobalSection(ProjectConfigurationPlatforms) = postSolution
		{2E75A03B-4CF5-4AB2-A3DA-0449B173A843}.Debug|Any CPU.ActiveCfg = Debug|Any CPU
		{2E75A03B-4CF5-4AB2-A3DA-0449B173A843}.Debug|Any CPU.Build.0 = Debug|Any CPU
		{2E75A03B-4CF5-4AB2-A3DA-0449B173A843}.Release|Any CPU.ActiveCfg = Release|Any CPU
		{2E75A03B-4CF5-4AB2-A3DA-0449B173A843}.Release|Any CPU.Build.0 = Release|Any CPU
		{33113649-69B3-4216-A720-644BE2746469}.Debug|Any CPU.ActiveCfg = Debug|Any CPU
		{33113649-69B3-4216-A720-644BE2746469}.Debug|Any CPU.Build.0 = Debug|Any CPU
		{33113649-69B3-4216-A720-644BE2746469}.Release|Any CPU.ActiveCfg = Release|Any CPU
		{33113649-69B3-4216-A720-644BE2746469}.Release|Any CPU.Build.0 = Release|Any CPU
	EndGlobalSection
	GlobalSection(SolutionProperties) = preSolution
		HideSolutionNode = FALSE
	EndGlobalSection
EndGlobal
